# THIS IS AN AUTOGENERATED FILE. DO NOT EDIT THIS FILE DIRECTLY.
# yarn lockfile v1


ws@^8.7.0:
  version "8.7.0"
  resolved "https://registry.yarnpkg.com/ws/-/ws-8.7.0.tgz#eaf9d874b433aa00c0e0d8752532444875db3957"
  integrity sha512-c2gsP0PRwcLFzUiA8Mkr37/MI7ilIlHQxaEAtd0uNMbVMoy8puJyafRlm0bV9MbGSabUPeLrRRaqIBcFcA2Pqg==
